
Microsoft Visual Studio Solution File, Format Version 12.00
# Visual Studio 15
VisualStudioVersion = 15.0.28307.421
MinimumVisualStudioVersion = 10.0.40219.1
Project("{FAE04EC0-301F-11D3-BF4B-00C04F79EFBC}") = "TestClient", "ExeRPA\TestClient\TestClient.csproj", "{FEF75DD0-F68C-48C9-9D3F-D1CE54486E5A}"
EndProject
Project("{FAE04EC0-301F-11D3-BF4B-00C04F79EFBC}") = "ArconRPA", "ExeRPA\ArconRPA\ArconRPA.csproj", "{F8757CCB-07E8-4584-87CD-2A21996B76C0}"
	ProjectSection(ProjectDependencies) = postProject
		{791B111B-43F8-48DD-B94F-2837FF2BD1BA} = {791B111B-43F8-48DD-B94F-2837FF2BD1BA}
	EndProjectSection
EndProject
Project("{FAE04EC0-301F-11D3-BF4B-00C04F79EFBC}") = "LaunchExecutable", "ExeRPA\LaunchExecutable\LaunchExecutable.csproj", "{0B1B3C0F-9557-4526-B7DF-F7D1C912134E}"
EndProject
Project("{2150E333-8FDC-42A3-9474-1A3956D46DE8}") = "ExeRPA", "ExeRPA", "{B8F4A721-3E8D-47BF-8C4A-CF28F40B020A}"
EndProject
Project("{2150E333-8FDC-42A3-9474-1A3956D46DE8}") = "JAVARPA", "JAVARPA", "{EE31C9C8-EC38-4AFF-9F5D-F94AE3DE5756}"
EndProject
Project("{FAE04EC0-301F-11D3-BF4B-00C04F79EFBC}") = "JavaAutomation", "JAVARPA\JavaRoboticProcessAutomation\JavaAutomation.csproj", "{791B111B-43F8-48DD-B94F-2837FF2BD1BA}"
EndProject
Project("{FAE04EC0-301F-11D3-BF4B-00C04F79EFBC}") = "TestJavaRPA", "TestJavaRPA\TestJavaRPA.csproj", "{64F20DEF-E18B-4ED6-93AE-040F80EDEE49}"
	ProjectSection(ProjectDependencies) = postProject
		{791B111B-43F8-48DD-B94F-2837FF2BD1BA} = {791B111B-43F8-48DD-B94F-2837FF2BD1BA}
		{F8757CCB-07E8-4584-87CD-2A21996B76C0} = {F8757CCB-07E8-4584-87CD-2A21996B76C0}
	EndProjectSection
EndProject
Global
	GlobalSection(SolutionConfigurationPlatforms) = preSolution
		Debug|Any CPU = Debug|Any CPU
		Debug|x64 = Debug|x64
		Release|Any CPU = Release|Any CPU
		Release|x64 = Release|x64
	EndGlobalSection
	GlobalSection(ProjectConfigurationPlatforms) = postSolution
		{FEF75DD0-F68C-48C9-9D3F-D1CE54486E5A}.Debug|Any CPU.ActiveCfg = Debug|Any CPU
		{FEF75DD0-F68C-48C9-9D3F-D1CE54486E5A}.Debug|Any CPU.Build.0 = Debug|Any CPU
		{FEF75DD0-F68C-48C9-9D3F-D1CE54486E5A}.Debug|x64.ActiveCfg = Debug|Any CPU
		{FEF75DD0-F68C-48C9-9D3F-D1CE54486E5A}.Debug|x64.Build.0 = Debug|Any CPU
		{FEF75DD0-F68C-48C9-9D3F-D1CE54486E5A}.Release|Any CPU.ActiveCfg = Release|Any CPU
		{FEF75DD0-F68C-48C9-9D3F-D1CE54486E5A}.Release|Any CPU.Build.0 = Release|Any CPU
		{FEF75DD0-F68C-48C9-9D3F-D1CE54486E5A}.Release|x64.ActiveCfg = Release|Any CPU
		{FEF75DD0-F68C-48C9-9D3F-D1CE54486E5A}.Release|x64.Build.0 = Release|Any CPU
		{F8757CCB-07E8-4584-87CD-2A21996B76C0}.Debug|Any CPU.ActiveCfg = Debug|Any CPU
		{F8757CCB-07E8-4584-87CD-2A21996B76C0}.Debug|Any CPU.Build.0 = Debug|Any CPU
		{F8757CCB-07E8-4584-87CD-2A21996B76C0}.Debug|x64.ActiveCfg = Debug|Any CPU
		{F8757CCB-07E8-4584-87CD-2A21996B76C0}.Debug|x64.Build.0 = Debug|Any CPU
		{F8757CCB-07E8-4584-87CD-2A21996B76C0}.Release|Any CPU.ActiveCfg = Release|Any CPU
		{F8757CCB-07E8-4584-87CD-2A21996B76C0}.Release|Any CPU.Build.0 = Release|Any CPU
		{F8757CCB-07E8-4584-87CD-2A21996B76C0}.Release|x64.ActiveCfg = Release|Any CPU
		{F8757CCB-07E8-4584-87CD-2A21996B76C0}.Release|x64.Build.0 = Release|Any CPU
		{0B1B3C0F-9557-4526-B7DF-F7D1C912134E}.Debug|Any CPU.ActiveCfg = Debug|Any CPU
		{0B1B3C0F-9557-4526-B7DF-F7D1C912134E}.Debug|Any CPU.Build.0 = Debug|Any CPU
		{0B1B3C0F-9557-4526-B7DF-F7D1C912134E}.Debug|x64.ActiveCfg = Debug|Any CPU
		{0B1B3C0F-9557-4526-B7DF-F7D1C912134E}.Debug|x64.Build.0 = Debug|Any CPU
		{0B1B3C0F-9557-4526-B7DF-F7D1C912134E}.Release|Any CPU.ActiveCfg = Release|Any CPU
		{0B1B3C0F-9557-4526-B7DF-F7D1C912134E}.Release|Any CPU.Build.0 = Release|Any CPU
		{0B1B3C0F-9557-4526-B7DF-F7D1C912134E}.Release|x64.ActiveCfg = Release|Any CPU
		{0B1B3C0F-9557-4526-B7DF-F7D1C912134E}.Release|x64.Build.0 = Release|Any CPU
		{791B111B-43F8-48DD-B94F-2837FF2BD1BA}.Debug|Any CPU.ActiveCfg = Debug|Any CPU
		{791B111B-43F8-48DD-B94F-2837FF2BD1BA}.Debug|Any CPU.Build.0 = Debug|Any CPU
		{791B111B-43F8-48DD-B94F-2837FF2BD1BA}.Debug|x64.ActiveCfg = Debug|Any CPU
		{791B111B-43F8-48DD-B94F-2837FF2BD1BA}.Debug|x64.Build.0 = Debug|Any CPU
		{791B111B-43F8-48DD-B94F-2837FF2BD1BA}.Release|Any CPU.ActiveCfg = Release|Any CPU
		{791B111B-43F8-48DD-B94F-2837FF2BD1BA}.Release|Any CPU.Build.0 = Release|Any CPU
		{791B111B-43F8-48DD-B94F-2837FF2BD1BA}.Release|x64.ActiveCfg = Release|Any CPU
		{791B111B-43F8-48DD-B94F-2837FF2BD1BA}.Release|x64.Build.0 = Release|Any CPU
		{64F20DEF-E18B-4ED6-93AE-040F80EDEE49}.Debug|Any CPU.ActiveCfg = Debug|Any CPU
		{64F20DEF-E18B-4ED6-93AE-040F80EDEE49}.Debug|Any CPU.Build.0 = Debug|Any CPU
		{64F20DEF-E18B-4ED6-93AE-040F80EDEE49}.Debug|x64.ActiveCfg = Debug|Any CPU
		{64F20DEF-E18B-4ED6-93AE-040F80EDEE49}.Debug|x64.Build.0 = Debug|Any CPU
		{64F20DEF-E18B-4ED6-93AE-040F80EDEE49}.Release|Any CPU.ActiveCfg = Release|Any CPU
		{64F20DEF-E18B-4ED6-93AE-040F80EDEE49}.Release|Any CPU.Build.0 = Release|Any CPU
		{64F20DEF-E18B-4ED6-93AE-040F80EDEE49}.Release|x64.ActiveCfg = Release|Any CPU
		{64F20DEF-E18B-4ED6-93AE-040F80EDEE49}.Release|x64.Build.0 = Release|Any CPU
	EndGlobalSection
	GlobalSection(SolutionProperties) = preSolution
		HideSolutionNode = FALSE
	EndGlobalSection
	GlobalSection(NestedProjects) = preSolution
		{FEF75DD0-F68C-48C9-9D3F-D1CE54486E5A} = {B8F4A721-3E8D-47BF-8C4A-CF28F40B020A}
		{F8757CCB-07E8-4584-87CD-2A21996B76C0} = {B8F4A721-3E8D-47BF-8C4A-CF28F40B020A}
		{0B1B3C0F-9557-4526-B7DF-F7D1C912134E} = {B8F4A721-3E8D-47BF-8C4A-CF28F40B020A}
		{791B111B-43F8-48DD-B94F-2837FF2BD1BA} = {EE31C9C8-EC38-4AFF-9F5D-F94AE3DE5756}
		{64F20DEF-E18B-4ED6-93AE-040F80EDEE49} = {B8F4A721-3E8D-47BF-8C4A-CF28F40B020A}
	EndGlobalSection
	GlobalSection(ExtensibilityGlobals) = postSolution
		SolutionGuid = {4D2BDFD2-E15A-43DD-94D6-977E74D9FD0B}
	EndGlobalSection
EndGlobal
