
Microsoft Visual Studio Solution File, Format Version 12.00
# Visual Studio 15
VisualStudioVersion = 15.0.28307.421
MinimumVisualStudioVersion = 10.0.40219.1
Project("{FAE04EC0-301F-11D3-BF4B-00C04F79EFBC}") = "ArconAPIUtility", "ArconAPIUtility\ArconAPIUtility.csproj", "{27A577AB-39B2-4143-A928-C31B10D6B06C}"
EndProject
Global
	GlobalSection(SolutionConfigurationPlatforms) = preSolution
		Debug|Any CPU = Debug|Any CPU
		Release|Any CPU = Release|Any CPU
	EndGlobalSection
	GlobalSection(ProjectConfigurationPlatforms) = postSolution
		{27A577AB-39B2-4143-A928-C31B10D6B06C}.Debug|Any CPU.ActiveCfg = Debug|Any CPU
		{27A577AB-39B2-4143-A928-C31B10D6B06C}.Debug|Any CPU.Build.0 = Debug|Any CPU
		{27A577AB-39B2-4143-A928-C31B10D6B06C}.Release|Any CPU.ActiveCfg = Release|Any CPU
		{27A577AB-39B2-4143-A928-C31B10D6B06C}.Release|Any CPU.Build.0 = Release|Any CPU
	EndGlobalSection
	GlobalSection(SolutionProperties) = preSolution
		HideSolutionNode = FALSE
	EndGlobalSection
	GlobalSection(ExtensibilityGlobals) = postSolution
		SolutionGuid = {56B2EEB5-FBF9-40D1-9F98-37D6FC1DBAC6}
	EndGlobalSection
EndGlobal
